
Microsoft Visual Studio Solution File, Format Version 12.00
# Visual Studio Version 17
VisualStudioVersion = 17.3.32811.315
MinimumVisualStudioVersion = 10.0.40219.1
Project("{FAE04EC0-301F-11D3-BF4B-00C04F79EFBC}") = "S13_Repaso_Monopolio_BackTracking", "S13_Repaso_Monopolio_BackTracking\S13_Repaso_Monopolio_BackTracking.csproj", "{F8778436-B002-42C4-B08D-3ED2903371E1}"
EndProject
Global
	GlobalSection(SolutionConfigurationPlatforms) = preSolution
		Debug|Any CPU = Debug|Any CPU
		Release|Any CPU = Release|Any CPU
	EndGlobalSection
	GlobalSection(ProjectConfigurationPlatforms) = postSolution
		{F8778436-B002-42C4-B08D-3ED2903371E1}.Debug|Any CPU.ActiveCfg = Debug|Any CPU
		{F8778436-B002-42C4-B08D-3ED2903371E1}.Debug|Any CPU.Build.0 = Debug|Any CPU
		{F8778436-B002-42C4-B08D-3ED2903371E1}.Release|Any CPU.ActiveCfg = Release|Any CPU
		{F8778436-B002-42C4-B08D-3ED2903371E1}.Release|Any CPU.Build.0 = Release|Any CPU
	EndGlobalSection
	GlobalSection(SolutionProperties) = preSolution
		HideSolutionNode = FALSE
	EndGlobalSection
	GlobalSection(ExtensibilityGlobals) = postSolution
		SolutionGuid = {FC30C62E-2C93-485F-A451-129B70508F01}
	EndGlobalSection
EndGlobal
